
Microsoft Visual Studio Solution File, Format Version 11.00
# Visual Studio 2010
Project("{8BC9CEB8-8B4A-11D0-8D11-00A0C91BC942}") = "lesson1", "lesson1.vcxproj", "{E322AD88-72B1-6BF4-0A9F-400C807C277F}"
EndProject
Global
	GlobalSection(SolutionConfigurationPlatforms) = preSolution
		Debug|Win32 = Debug|Win32
		Release|Win32 = Release|Win32
	EndGlobalSection
	GlobalSection(ProjectConfigurationPlatforms) = postSolution
		{E322AD88-72B1-6BF4-0A9F-400C807C277F}.Debug|Win32.ActiveCfg = Debug|Win32
		{E322AD88-72B1-6BF4-0A9F-400C807C277F}.Debug|Win32.Build.0 = Debug|Win32
		{E322AD88-72B1-6BF4-0A9F-400C807C277F}.Release|Win32.ActiveCfg = Release|Win32
		{E322AD88-72B1-6BF4-0A9F-400C807C277F}.Release|Win32.Build.0 = Release|Win32
	EndGlobalSection
	GlobalSection(SolutionProperties) = preSolution
		HideSolutionNode = FALSE
	EndGlobalSection
EndGlobal
